
Microsoft Visual Studio Solution File, Format Version 12.00
# Visual Studio Version 17
VisualStudioVersion = 17.10.35201.131
MinimumVisualStudioVersion = 10.0.40219.1
Project("{9A19103F-16F7-4668-BE54-9A1E7A4F7556}") = "TodoApi.Models", "WebApplication1\TodoApi.Models.csproj", "{D44BE3D0-01C4-4883-94B6-9738C9838837}"
EndProject
Global
	GlobalSection(SolutionConfigurationPlatforms) = preSolution
		Debug|Any CPU = Debug|Any CPU
		Release|Any CPU = Release|Any CPU
	EndGlobalSection
	GlobalSection(ProjectConfigurationPlatforms) = postSolution
		{D44BE3D0-01C4-4883-94B6-9738C9838837}.Debug|Any CPU.ActiveCfg = Debug|Any CPU
		{D44BE3D0-01C4-4883-94B6-9738C9838837}.Debug|Any CPU.Build.0 = Debug|Any CPU
		{D44BE3D0-01C4-4883-94B6-9738C9838837}.Release|Any CPU.ActiveCfg = Release|Any CPU
		{D44BE3D0-01C4-4883-94B6-9738C9838837}.Release|Any CPU.Build.0 = Release|Any CPU
	EndGlobalSection
	GlobalSection(SolutionProperties) = preSolution
		HideSolutionNode = FALSE
	EndGlobalSection
	GlobalSection(ExtensibilityGlobals) = postSolution
		SolutionGuid = {41CA35C8-6C41-4772-982B-DE5E3EB8116D}
	EndGlobalSection
EndGlobal
